github.com/google/certificate-transparency-go v1.3.2 h1:9ahSNZF2o7SYMaKaXhAumVEzXB2QaayzII9C8rv7v+A=
github.com/google/certificate-transparency-go v1.3.2/go.mod h1:H5FpMUaGa5Ab2+KCYsxg6sELw3Flkl7pGZzWdBoYLXs=
github.com/smallstep/certinfo v1.15.0 h1:oxvuOr6KvwuXjgyg+gJEUJW6Gz9pm4uAGQ5tirpmTHg=
github.com/smallstep/certinfo v1.15.0/go.mod h1:t5s4J23P3B/j68l2efuJFSZqCj0kBU8sa2FYbHRaffw=
golang.org/x/crypto v0.41.0 h1:WKYxWedPGCTVVl5+WHSSrOBT0O8lx32+zxmHxijgXp4=
golang.org/x/crypto v0.41.0/go.mod h1:pO5AFd7FA68rFak7rOAGVuygIISepHftHnr8dr6+sUc=
