filippo.io/mldsa v0.0.0-20260215214346-43d0283efc3e h1:VsUbObBMxXlc23Eb9VeeJYE4jvTs87qa5RqSN2U5FJU=
filippo.io/mldsa v0.0.0-20260215214346-43d0283efc3e/go.mod h1:32qQ5yj3R24Eu03iWFWchdC3OB653wPvoepWejkefbY=
github.com/GoogleCloudPlatform/confidential-space/server v0.0.0-20260522213940-e5c6d01a3007 h1:DoeEFwEGBdqcawmpiWtSsSVVZ+wk3zpqvcvssO2JLmY=
github.com/GoogleCloudPlatform/confidential-space/server v0.0.0-20260522213940-e5c6d01a3007/go.mod h1:s8F0JYEods/WL03WxZaGsWCnumZeeLD+WKHzspOV9u0=
github.com/google/go-configfs-tsm v0.3.3-0.20240919001351-b4b5b84fdcbc h1:SG12DWUUM5igxm+//YX5Yq4vhdoRnOG9HkCodkOn+YU=
github.com/google/go-configfs-tsm v0.3.3-0.20240919001351-b4b5b84fdcbc/go.mod h1:EL1GTDFMb5PZQWDviGfZV9n87WeGTR/JUg13RfwkgRo=
github.com/google/go-eventlog v0.0.3-0.20260416001248-6807b85eecf0 h1:STyioPkz8nqMMIk3+YlyJ/WyEJZxho1YUZXu99uAbQ0=
github.com/google/go-eventlog v0.0.3-0.20260416001248-6807b85eecf0/go.mod h1:7huE5P8w2NTObSwSJjboHmB7ioBNblkijdzoVa2skfQ=
github.com/google/go-sev-guest v0.14.0 h1:dCb4F3YrHTtrDX3cYIPTifEDz7XagZmXQioxRBW4wOo=
github.com/google/go-sev-guest v0.14.0/go.mod h1:SK9vW+uyfuzYdVN0m8BShL3OQCtXZe/JPF7ZkpD3760=
github.com/google/go-tdx-guest v0.3.2-0.20250814004405-ffb0869e6f4d h1:Ff8goEP/ue2/rZT5qyoRicuySCYDbAXEZS8Cf1fgsUo=
github.com/google/go-tdx-guest v0.3.2-0.20250814004405-ffb0869e6f4d/go.mod h1:uHy3VaNXNXhl0fiPxKqTxieeouqQmW6A0EfLcaeCYBk=
github.com/google/go-tpm v0.9.8 h1:slArAR9Ft+1ybZu0lBwpSmpwhRXaa85hWtMinMyRAWo=
github.com/google/go-tpm v0.9.8/go.mod h1:h9jEsEECg7gtLis0upRBQU+GhYVH6jMjrFxI8u6bVUY=
github.com/google/go-tpm-tools v0.4.9 h1:jZEhnE4WRFbomSssBH2gWaIViIHU1gjH1jz76+xC9bI=
github.com/google/go-tpm-tools v0.4.9/go.mod h1:Omb8zosA8qY9URn1gsrO2i4b6DFqGp29BqNx18V66c4=
github.com/google/logger v1.1.1 h1:+6Z2geNxc9G+4D4oDO9njjjn2d0wN5d7uOo0vOIW1NQ=
github.com/google/logger v1.1.1/go.mod h1:BkeJZ+1FhQ+/d087r4dzojEg1u2ZX+ZqG1jTUrLM+zQ=
github.com/google/uuid v1.6.0 h1:NIvaJDMOsjHA8n1jAhLSgzrAzy1Hgr+hNrb57e+94F0=
github.com/google/uuid v1.6.0/go.mod h1:TIyPZe4MgqvfeYDBFedMoGGpEw/LqOeaOT+nhxU+yHo=
go.uber.org/multierr v1.11.0 h1:blXXJkSxSSfBVBlC76pxqeO+LN3aDfLQo+309xJstO0=
go.uber.org/multierr v1.11.0/go.mod h1:20+QtiLqy0Nd6FdQB9TLXag12DsQkrbs3htMFfDN80Y=
golang.org/x/crypto v0.45.0 h1:jMBrvKuj23MTlT0bQEOBcAE0mjg8mK9RXFhRH6nyF3Q=
golang.org/x/crypto v0.45.0/go.mod h1:XTGrrkGJve7CYK7J8PEww4aY7gM3qMCElcJQ8n8JdX4=
golang.org/x/sys v0.38.0 h1:3yZWxaJjBmCWXqhN1qh02AkOnCQ1poK6oF+a7xWL6Gc=
golang.org/x/sys v0.38.0/go.mod h1:OgkHotnGiDImocRcuBABYBEXf8A9a87e/uXjp9XT3ks=
google.golang.org/protobuf v1.36.11 h1:fV6ZwhNocDyBLK0dj+fg8ektcVegBBuEolpbTQyBNVE=
google.golang.org/protobuf v1.36.11/go.mod h1:HTf+CrKn2C3g5S8VImy6tdcUvCska2kB7j23XfzDpco=
